
Microsoft Visual Studio Solution File, Format Version 12.00
# Visual Studio Version 17
VisualStudioVersion = 17.3.32825.248
MinimumVisualStudioVersion = 10.0.40219.1
Project("{FAE04EC0-301F-11D3-BF4B-00C04F79EFBC}") = "MovieProject.API", "MovieProject.API\MovieProject.API.csproj", "{4B35B11D-814F-4045-B6AD-9F1FCE2A7BF9}"
EndProject
Global
	GlobalSection(SolutionConfigurationPlatforms) = preSolution
		Debug|Any CPU = Debug|Any CPU
		Release|Any CPU = Release|Any CPU
	EndGlobalSection
	GlobalSection(ProjectConfigurationPlatforms) = postSolution
		{4B35B11D-814F-4045-B6AD-9F1FCE2A7BF9}.Debug|Any CPU.ActiveCfg = Debug|Any CPU
		{4B35B11D-814F-4045-B6AD-9F1FCE2A7BF9}.Debug|Any CPU.Build.0 = Debug|Any CPU
		{4B35B11D-814F-4045-B6AD-9F1FCE2A7BF9}.Release|Any CPU.ActiveCfg = Release|Any CPU
		{4B35B11D-814F-4045-B6AD-9F1FCE2A7BF9}.Release|Any CPU.Build.0 = Release|Any CPU
	EndGlobalSection
	GlobalSection(SolutionProperties) = preSolution
		HideSolutionNode = FALSE
	EndGlobalSection
	GlobalSection(ExtensibilityGlobals) = postSolution
		SolutionGuid = {DEAE3CBE-4B32-405A-8E2D-67E70F779F4C}
	EndGlobalSection
EndGlobal
